
Microsoft Visual Studio Solution File, Format Version 12.00
# Visual Studio Version 17
VisualStudioVersion = 17.5.33502.453
MinimumVisualStudioVersion = 10.0.40219.1
Project("{FAE04EC0-301F-11D3-BF4B-00C04F79EFBC}") = "OfficeDeskBookingAPI", "Office_Desk_Booking\OfficeDeskBookingAPI.csproj", "{7B03DA31-1C02-4CA6-9688-51405DB5817B}"
EndProject
Project("{FAE04EC0-301F-11D3-BF4B-00C04F79EFBC}") = "OfficeDeskEntity", "OfficeDeskEntity\OfficeDeskEntity.csproj", "{9A02C364-CABB-41A3-BFD3-CD651394050A}"
EndProject
Project("{FAE04EC0-301F-11D3-BF4B-00C04F79EFBC}") = "OfficeDeskDAL", "OfficeDeskDAL\OfficeDeskDAL.csproj", "{77ADDA48-797C-49FF-8737-D72400B6E2EB}"
EndProject
Project("{FAE04EC0-301F-11D3-BF4B-00C04F79EFBC}") = "OfficeDeskBLL", "OfficeDeskBLL\OfficeDeskBLL.csproj", "{BB2CD2BD-A50C-4CEC-A936-D885B62A4342}"
EndProject
Project("{FAE04EC0-301F-11D3-BF4B-00C04F79EFBC}") = "OfficeDeskBookingMVC", "OfficeDeskBookingMVC\OfficeDeskBookingMVC.csproj", "{B07D6B07-0BD9-43BC-9587-B4D1257C2BCB}"
EndProject
Global
	GlobalSection(SolutionConfigurationPlatforms) = preSolution
		Debug|Any CPU = Debug|Any CPU
		Release|Any CPU = Release|Any CPU
	EndGlobalSection
	GlobalSection(ProjectConfigurationPlatforms) = postSolution
		{7B03DA31-1C02-4CA6-9688-51405DB5817B}.Debug|Any CPU.ActiveCfg = Debug|Any CPU
		{7B03DA31-1C02-4CA6-9688-51405DB5817B}.Debug|Any CPU.Build.0 = Debug|Any CPU
		{7B03DA31-1C02-4CA6-9688-51405DB5817B}.Release|Any CPU.ActiveCfg = Release|Any CPU
		{7B03DA31-1C02-4CA6-9688-51405DB5817B}.Release|Any CPU.Build.0 = Release|Any CPU
		{9A02C364-CABB-41A3-BFD3-CD651394050A}.Debug|Any CPU.ActiveCfg = Debug|Any CPU
		{9A02C364-CABB-41A3-BFD3-CD651394050A}.Debug|Any CPU.Build.0 = Debug|Any CPU
		{9A02C364-CABB-41A3-BFD3-CD651394050A}.Release|Any CPU.ActiveCfg = Release|Any CPU
		{9A02C364-CABB-41A3-BFD3-CD651394050A}.Release|Any CPU.Build.0 = Release|Any CPU
		{77ADDA48-797C-49FF-8737-D72400B6E2EB}.Debug|Any CPU.ActiveCfg = Debug|Any CPU
		{77ADDA48-797C-49FF-8737-D72400B6E2EB}.Debug|Any CPU.Build.0 = Debug|Any CPU
		{77ADDA48-797C-49FF-8737-D72400B6E2EB}.Release|Any CPU.ActiveCfg = Release|Any CPU
		{77ADDA48-797C-49FF-8737-D72400B6E2EB}.Release|Any CPU.Build.0 = Release|Any CPU
		{BB2CD2BD-A50C-4CEC-A936-D885B62A4342}.Debug|Any CPU.ActiveCfg = Debug|Any CPU
		{BB2CD2BD-A50C-4CEC-A936-D885B62A4342}.Debug|Any CPU.Build.0 = Debug|Any CPU
		{BB2CD2BD-A50C-4CEC-A936-D885B62A4342}.Release|Any CPU.ActiveCfg = Release|Any CPU
		{BB2CD2BD-A50C-4CEC-A936-D885B62A4342}.Release|Any CPU.Build.0 = Release|Any CPU
		{B07D6B07-0BD9-43BC-9587-B4D1257C2BCB}.Debug|Any CPU.ActiveCfg = Debug|Any CPU
		{B07D6B07-0BD9-43BC-9587-B4D1257C2BCB}.Debug|Any CPU.Build.0 = Debug|Any CPU
		{B07D6B07-0BD9-43BC-9587-B4D1257C2BCB}.Release|Any CPU.ActiveCfg = Release|Any CPU
		{B07D6B07-0BD9-43BC-9587-B4D1257C2BCB}.Release|Any CPU.Build.0 = Release|Any CPU
	EndGlobalSection
	GlobalSection(SolutionProperties) = preSolution
		HideSolutionNode = FALSE
	EndGlobalSection
	GlobalSection(ExtensibilityGlobals) = postSolution
		SolutionGuid = {7EB6D90B-00AA-4E5E-8731-A6C54A13D951}
	EndGlobalSection
EndGlobal
